dependencies:
  espressif/esp_secure_cert_mgr:
    component_hash: 0a7b7f1c26fbd6fd8f49cc90f39203e3ab9cf334bbbf288bede9db745c35892c
    source:
      service_url: https://api.components.espressif.com/
      type: service
    version: 2.3.1
  espressif/mdns:
    component_hash: 46ee81d32fbf850462d8af1e83303389602f6a6a9eddd2a55104cb4c063858ed
    source:
      service_url: https://api.components.espressif.com/
      type: service
    version: 1.1.0
  idf:
    component_hash: null
    source:
      type: idf
    version: 5.2.0
manifest_hash: 646a4f533185342c5e8277f4461f9da0cb3a8e8ea2ebf68401e8d5830451506c
target: esp32c3
version: 1.0.0
